
Microsoft Visual Studio Solution File, Format Version 12.00
# Visual Studio Version 17
VisualStudioVersion = 17.4.33403.182
MinimumVisualStudioVersion = 10.0.40219.1
Project("{FAE04EC0-301F-11D3-BF4B-00C04F79EFBC}") = "Filters", "Filters\Filters.csproj", "{87342EB0-3E32-4AE3-BA9D-972051043CAB}"
EndProject
Project("{FAE04EC0-301F-11D3-BF4B-00C04F79EFBC}") = "AvaloniaFilters", "AvaloniaFilters\AvaloniaFilters.csproj", "{692BDB4E-A6A7-4CF8-B5BE-80170287E2D6}"
EndProject
Global
	GlobalSection(SolutionConfigurationPlatforms) = preSolution
		Debug|Any CPU = Debug|Any CPU
		Release|Any CPU = Release|Any CPU
	EndGlobalSection
	GlobalSection(ProjectConfigurationPlatforms) = postSolution
		{87342EB0-3E32-4AE3-BA9D-972051043CAB}.Debug|Any CPU.ActiveCfg = Debug|Any CPU
		{87342EB0-3E32-4AE3-BA9D-972051043CAB}.Debug|Any CPU.Build.0 = Debug|Any CPU
		{87342EB0-3E32-4AE3-BA9D-972051043CAB}.Release|Any CPU.ActiveCfg = Release|Any CPU
		{87342EB0-3E32-4AE3-BA9D-972051043CAB}.Release|Any CPU.Build.0 = Release|Any CPU
		{692BDB4E-A6A7-4CF8-B5BE-80170287E2D6}.Debug|Any CPU.ActiveCfg = Debug|Any CPU
		{692BDB4E-A6A7-4CF8-B5BE-80170287E2D6}.Debug|Any CPU.Build.0 = Debug|Any CPU
		{692BDB4E-A6A7-4CF8-B5BE-80170287E2D6}.Release|Any CPU.ActiveCfg = Release|Any CPU
		{692BDB4E-A6A7-4CF8-B5BE-80170287E2D6}.Release|Any CPU.Build.0 = Release|Any CPU
	EndGlobalSection
	GlobalSection(SolutionProperties) = preSolution
		HideSolutionNode = FALSE
	EndGlobalSection
	GlobalSection(ExtensibilityGlobals) = postSolution
		SolutionGuid = {490B1582-FDEB-4B88-A0B2-46DDC639D43F}
	EndGlobalSection
EndGlobal
